
Microsoft Visual Studio Solution File, Format Version 12.00
# Visual Studio Version 17
VisualStudioVersion = 17.0.31903.59
MinimumVisualStudioVersion = 10.0.40219.1
Project("{2150E333-8FDC-42A3-9474-1A3956D46DE8}") = "src", "src", "{15F9AF27-32C5-4ABC-9C50-6939E4D9060D}"
EndProject
Project("{FAE04EC0-301F-11D3-BF4B-00C04F79EFBC}") = "SSP.Core", "src\SSP.Core\SSP.Core.csproj", "{3731BD24-5DBD-499E-9011-0FE86CEAA3C4}"
EndProject
Project("{FAE04EC0-301F-11D3-BF4B-00C04F79EFBC}") = "SSP.Client", "src\SSP.Client\SSP.Client.csproj", "{1573287D-014C-4A2A-A1CB-62335BE34F36}"
EndProject
Project("{FAE04EC0-301F-11D3-BF4B-00C04F79EFBC}") = "SSP.Server", "src\SSP.Server\SSP.Server.csproj", "{B3184183-4FD5-405C-A0C9-207A638B3E05}"
EndProject
Project("{FAE04EC0-301F-11D3-BF4B-00C04F79EFBC}") = "SSP.ServiceBuilder", "src\SSP.ServiceBuilder\SSP.ServiceBuilder.csproj", "{4F980012-D4B1-4443-8406-06D30789161B}"
EndProject
Project("{FAE04EC0-301F-11D3-BF4B-00C04F79EFBC}") = "SSP.ServiceHost", "src\SSP.ServiceHost\SSP.ServiceHost.csproj", "{5C4E1B07-2A6F-4D18-9E55-72B0F1A3C8D4}"
EndProject
Project("{2150E333-8FDC-42A3-9474-1A3956D46DE8}") = "tests", "tests", "{7C990627-E013-4EEF-9BD1-51A5A35627A5}"
EndProject
Project("{FAE04EC0-301F-11D3-BF4B-00C04F79EFBC}") = "SSP.Tests", "tests\SSP.Tests\SSP.Tests.csproj", "{987280DF-5F7C-40E0-B7FC-8C42B3532FE6}"
EndProject
Global
	GlobalSection(SolutionConfigurationPlatforms) = preSolution
		Debug|Any CPU = Debug|Any CPU
		Release|Any CPU = Release|Any CPU
	EndGlobalSection
	GlobalSection(SolutionProperties) = preSolution
		HideSolutionNode = FALSE
	EndGlobalSection
	GlobalSection(ProjectConfigurationPlatforms) = postSolution
		{3731BD24-5DBD-499E-9011-0FE86CEAA3C4}.Debug|Any CPU.ActiveCfg = Debug|Any CPU
		{3731BD24-5DBD-499E-9011-0FE86CEAA3C4}.Debug|Any CPU.Build.0 = Debug|Any CPU
		{3731BD24-5DBD-499E-9011-0FE86CEAA3C4}.Release|Any CPU.ActiveCfg = Release|Any CPU
		{3731BD24-5DBD-499E-9011-0FE86CEAA3C4}.Release|Any CPU.Build.0 = Release|Any CPU
		{1573287D-014C-4A2A-A1CB-62335BE34F36}.Debug|Any CPU.ActiveCfg = Debug|Any CPU
		{1573287D-014C-4A2A-A1CB-62335BE34F36}.Debug|Any CPU.Build.0 = Debug|Any CPU
		{1573287D-014C-4A2A-A1CB-62335BE34F36}.Release|Any CPU.ActiveCfg = Release|Any CPU
		{1573287D-014C-4A2A-A1CB-62335BE34F36}.Release|Any CPU.Build.0 = Release|Any CPU
		{B3184183-4FD5-405C-A0C9-207A638B3E05}.Debug|Any CPU.ActiveCfg = Debug|Any CPU
		{B3184183-4FD5-405C-A0C9-207A638B3E05}.Debug|Any CPU.Build.0 = Debug|Any CPU
		{B3184183-4FD5-405C-A0C9-207A638B3E05}.Release|Any CPU.ActiveCfg = Release|Any CPU
		{B3184183-4FD5-405C-A0C9-207A638B3E05}.Release|Any CPU.Build.0 = Release|Any CPU
		{4F980012-D4B1-4443-8406-06D30789161B}.Debug|Any CPU.ActiveCfg = Debug|Any CPU
		{4F980012-D4B1-4443-8406-06D30789161B}.Debug|Any CPU.Build.0 = Debug|Any CPU
		{4F980012-D4B1-4443-8406-06D30789161B}.Release|Any CPU.ActiveCfg = Release|Any CPU
		{4F980012-D4B1-4443-8406-06D30789161B}.Release|Any CPU.Build.0 = Release|Any CPU
		{5C4E1B07-2A6F-4D18-9E55-72B0F1A3C8D4}.Debug|Any CPU.ActiveCfg = Debug|Any CPU
		{5C4E1B07-2A6F-4D18-9E55-72B0F1A3C8D4}.Debug|Any CPU.Build.0 = Debug|Any CPU
		{5C4E1B07-2A6F-4D18-9E55-72B0F1A3C8D4}.Release|Any CPU.ActiveCfg = Release|Any CPU
		{5C4E1B07-2A6F-4D18-9E55-72B0F1A3C8D4}.Release|Any CPU.Build.0 = Release|Any CPU
		{987280DF-5F7C-40E0-B7FC-8C42B3532FE6}.Debug|Any CPU.ActiveCfg = Debug|Any CPU
		{987280DF-5F7C-40E0-B7FC-8C42B3532FE6}.Debug|Any CPU.Build.0 = Debug|Any CPU
		{987280DF-5F7C-40E0-B7FC-8C42B3532FE6}.Release|Any CPU.ActiveCfg = Release|Any CPU
		{987280DF-5F7C-40E0-B7FC-8C42B3532FE6}.Release|Any CPU.Build.0 = Release|Any CPU
	EndGlobalSection
	GlobalSection(NestedProjects) = preSolution
		{3731BD24-5DBD-499E-9011-0FE86CEAA3C4} = {15F9AF27-32C5-4ABC-9C50-6939E4D9060D}
		{1573287D-014C-4A2A-A1CB-62335BE34F36} = {15F9AF27-32C5-4ABC-9C50-6939E4D9060D}
		{B3184183-4FD5-405C-A0C9-207A638B3E05} = {15F9AF27-32C5-4ABC-9C50-6939E4D9060D}
		{4F980012-D4B1-4443-8406-06D30789161B} = {15F9AF27-32C5-4ABC-9C50-6939E4D9060D}
		{5C4E1B07-2A6F-4D18-9E55-72B0F1A3C8D4} = {15F9AF27-32C5-4ABC-9C50-6939E4D9060D}
		{987280DF-5F7C-40E0-B7FC-8C42B3532FE6} = {7C990627-E013-4EEF-9BD1-51A5A35627A5}
	EndGlobalSection
EndGlobal
